
Microsoft Visual Studio Solution File, Format Version 12.00
# Visual Studio Version 16
VisualStudioVersion = 16.0.30011.22
MinimumVisualStudioVersion = 10.0.40219.1
Project("{FAE04EC0-301F-11D3-BF4B-00C04F79EFBC}") = "jtcinstallment.Api", "jtcinstallment.Api.csproj", "{A74040A7-B951-47C2-882E-E6C1157C81B4}"
EndProject
Global
	GlobalSection(SolutionConfigurationPlatforms) = preSolution
		Debug|Any CPU = Debug|Any CPU
		Release|Any CPU = Release|Any CPU
	EndGlobalSection
	GlobalSection(ProjectConfigurationPlatforms) = postSolution
		{A74040A7-B951-47C2-882E-E6C1157C81B4}.Debug|Any CPU.ActiveCfg = Debug|Any CPU
		{A74040A7-B951-47C2-882E-E6C1157C81B4}.Debug|Any CPU.Build.0 = Debug|Any CPU
		{A74040A7-B951-47C2-882E-E6C1157C81B4}.Release|Any CPU.ActiveCfg = Release|Any CPU
		{A74040A7-B951-47C2-882E-E6C1157C81B4}.Release|Any CPU.Build.0 = Release|Any CPU
	EndGlobalSection
	GlobalSection(SolutionProperties) = preSolution
		HideSolutionNode = FALSE
	EndGlobalSection
	GlobalSection(ExtensibilityGlobals) = postSolution
		SolutionGuid = {F390D525-3C63-4A06-B055-812A33C6EA85}
	EndGlobalSection
EndGlobal
